// !$*UTF8*$!
{
	archiveVersion = 1;
	classes = {
	};
	objectVersion = 56;
	objects = {

/* Begin PBXBuildFile section */
		E441E1EC2A2C665900C0F88D /* icon.png in Resources */ = {isa = PBXBuildFile; fileRef = E441E1EB2A2C665900C0F88D /* icon.png */; };
		E441E1EF2A2C730000C0F88D /* SimilarViewController.swift in Sources */ = {isa = PBXBuildFile; fileRef = E441E1ED2A2C730000C0F88D /* SimilarViewController.swift */; };
		E441E1F02A2C730000C0F88D /* SimilarViewController.xib in Resources */ = {isa = PBXBuildFile; fileRef = E441E1EE2A2C730000C0F88D /* SimilarViewController.xib */; };
		E46003752A28830B005147F0 /* KotowazaViewController.swift in Sources */ = {isa = PBXBuildFile; fileRef = E46003732A28830B005147F0 /* KotowazaViewController.swift */; };
		E46A76E02A19F4A6005E4E0B /* AppDelegate.swift in Sources */ = {isa = PBXBuildFile; fileRef = E46A76DF2A19F4A6005E4E0B /* AppDelegate.swift */; };
		E46A76E22A19F4A6005E4E0B /* SceneDelegate.swift in Sources */ = {isa = PBXBuildFile; fileRef = E46A76E12A19F4A6005E4E0B /* SceneDelegate.swift */; };
		E46A76E42A19F4A6005E4E0B /* ViewController.swift in Sources */ = {isa = PBXBuildFile; fileRef = E46A76E32A19F4A6005E4E0B /* ViewController.swift */; };
		E46A76E72A19F4A6005E4E0B /* Main.storyboard in Resources */ = {isa = PBXBuildFile; fileRef = E46A76E52A19F4A6005E4E0B /* Main.storyboard */; };
		E46A76E92A19F4A8005E4E0B /* Assets.xcassets in Resources */ = {isa = PBXBuildFile; fileRef = E46A76E82A19F4A8005E4E0B /* Assets.xcassets */; };
		E46A76EC2A19F4A8005E4E0B /* LaunchScreen.storyboard in Resources */ = {isa = PBXBuildFile; fileRef = E46A76EA2A19F4A8005E4E0B /* LaunchScreen.storyboard */; };
		E489C22C2A24347D002C4737 /* AnimalViewController.swift in Sources */ = {isa = PBXBuildFile; fileRef = E489C22B2A24347D002C4737 /* AnimalViewController.swift */; };
		E4AEABAF2A1CAA390064F915 /* KiwiMaru-Light.ttf in Resources */ = {isa = PBXBuildFile; fileRef = E4AEABAE2A1CAA390064F915 /* KiwiMaru-Light.ttf */; };
		E4AEABB12A1CAA490064F915 /* YujiSyuku-Regular.ttf in Resources */ = {isa = PBXBuildFile; fileRef = E4AEABB02A1CAA480064F915 /* YujiSyuku-Regular.ttf */; };
		E4AEABB32A1CB3740064F915 /* KiwiMaru-Medium.ttf in Resources */ = {isa = PBXBuildFile; fileRef = E4AEABB22A1CB3740064F915 /* KiwiMaru-Medium.ttf */; };
		E4C980FF2A25BCE1004BA46B /* ListTableViewCell.swift in Sources */ = {isa = PBXBuildFile; fileRef = E4C980FD2A25BCE1004BA46B /* ListTableViewCell.swift */; };
		E4C981002A25BCE1004BA46B /* ListTableViewCell.xib in Resources */ = {isa = PBXBuildFile; fileRef = E4C980FE2A25BCE1004BA46B /* ListTableViewCell.xib */; };
		E4C981022A25C43A004BA46B /* ListTableViewController.swift in Sources */ = {isa = PBXBuildFile; fileRef = E4C981012A25C43A004BA46B /* ListTableViewController.swift */; };
/* End PBXBuildFile section */

/* Begin PBXFileReference section */
		E441E1EB2A2C665900C0F88D /* icon.png */ = {isa = PBXFileReference; lastKnownFileType = image.png; path = icon.png; sourceTree = "<group>"; };
		E441E1ED2A2C730000C0F88D /* SimilarViewController.swift */ = {isa = PBXFileReference; lastKnownFileType = sourcecode.swift; path = SimilarViewController.swift; sourceTree = "<group>"; };
		E441E1EE2A2C730000C0F88D /* SimilarViewController.xib */ = {isa = PBXFileReference; lastKnownFileType = file.xib; path = SimilarViewController.xib; sourceTree = "<group>"; };
		E46003732A28830B005147F0 /* KotowazaViewController.swift */ = {isa = PBXFileReference; lastKnownFileType = sourcecode.swift; path = KotowazaViewController.swift; sourceTree = "<group>"; };
		E46A76DC2A19F4A6005E4E0B /* Kotowaza.app */ = {isa = PBXFileReference; explicitFileType = wrapper.application; includeInIndex = 0; path = Kotowaza.app; sourceTree = BUILT_PRODUCTS_DIR; };
		E46A76DF2A19F4A6005E4E0B /* AppDelegate.swift */ = {isa = PBXFileReference; lastKnownFileType = sourcecode.swift; path = AppDelegate.swift; sourceTree = "<group>"; };
		E46A76E12A19F4A6005E4E0B /* SceneDelegate.swift */ = {isa = PBXFileReference; lastKnownFileType = sourcecode.swift; path = SceneDelegate.swift; sourceTree = "<group>"; };
		E46A76E32A19F4A6005E4E0B /* ViewController.swift */ = {isa = PBXFileReference; lastKnownFileType = sourcecode.swift; path = ViewController.swift; sourceTree = "<group>"; };
		E46A76E62A19F4A6005E4E0B /* Base */ = {isa = PBXFileReference; lastKnownFileType = file.storyboard; name = Base; path = Base.lproj/Main.storyboard; sourceTree = "<group>"; };
		E46A76E82A19F4A8005E4E0B /* Assets.xcassets */ = {isa = PBXFileReference; lastKnownFileType = folder.assetcatalog; path = Assets.xcassets; sourceTree = "<group>"; };
		E46A76EB2A19F4A8005E4E0B /* Base */ = {isa = PBXFileReference; lastKnownFileType = file.storyboard; name = Base; path = Base.lproj/LaunchScreen.storyboard; sourceTree = "<group>"; };
		E46A76ED2A19F4A8005E4E0B /* Info.plist */ = {isa = PBXFileReference; lastKnownFileType = text.plist.xml; path = Info.plist; sourceTree = "<group>"; };
		E489C22B2A24347D002C4737 /* AnimalViewController.swift */ = {isa = PBXFileReference; lastKnownFileType = sourcecode.swift; path = AnimalViewController.swift; sourceTree = "<group>"; };
		E4AEABAE2A1CAA390064F915 /* KiwiMaru-Light.ttf */ = {isa = PBXFileReference; lastKnownFileType = file; path = "KiwiMaru-Light.ttf"; sourceTree = "<group>"; };
		E4AEABB02A1CAA480064F915 /* YujiSyuku-Regular.ttf */ = {isa = PBXFileReference; lastKnownFileType = file; path = "YujiSyuku-Regular.ttf"; sourceTree = "<group>"; };
		E4AEABB22A1CB3740064F915 /* KiwiMaru-Medium.ttf */ = {isa = PBXFileReference; lastKnownFileType = file; path = "KiwiMaru-Medium.ttf"; sourceTree = "<group>"; };
		E4C980FD2A25BCE1004BA46B /* ListTableViewCell.swift */ = {isa = PBXFileReference; lastKnownFileType = sourcecode.swift; path = ListTableViewCell.swift; sourceTree = "<group>"; };
		E4C980FE2A25BCE1004BA46B /* ListTableViewCell.xib */ = {isa = PBXFileReference; lastKnownFileType = file.xib; path = ListTableViewCell.xib; sourceTree = "<group>"; };
		E4C981012A25C43A004BA46B /* ListTableViewController.swift */ = {isa = PBXFileReference; lastKnownFileType = sourcecode.swift; path = ListTableViewController.swift; sourceTree = "<group>"; };
/* End PBXFileReference section */

/* Begin PBXFrameworksBuildPhase section */
		E46A76D92A19F4A6005E4E0B /* Frameworks */ = {
			isa = PBXFrameworksBuildPhase;
			buildActionMask = 2147483647;
			files = (
			);
			runOnlyForDeploymentPostprocessing = 0;
		};
/* End PBXFrameworksBuildPhase section */

/* Begin PBXGroup section */
		E46A76D32A19F4A6005E4E0B = {
			isa = PBXGroup;
			children = (
				E46A76DE2A19F4A6005E4E0B /* Kotowaza */,
				E46A76DD2A19F4A6005E4E0B /* Products */,
			);
			sourceTree = "<group>";
		};
		E46A76DD2A19F4A6005E4E0B /* Products */ = {
			isa = PBXGroup;
			children = (
				E46A76DC2A19F4A6005E4E0B /* Kotowaza.app */,
			);
			name = Products;
			sourceTree = "<group>";
		};
		E46A76DE2A19F4A6005E4E0B /* Kotowaza */ = {
			isa = PBXGroup;
			children = (
				E4AEABAD2A1CA9730064F915 /* fonts */,
				E46A76DF2A19F4A6005E4E0B /* AppDelegate.swift */,
				E46A76E12A19F4A6005E4E0B /* SceneDelegate.swift */,
				E46A76E32A19F4A6005E4E0B /* ViewController.swift */,
				E46A76E52A19F4A6005E4E0B /* Main.storyboard */,
				E4C981012A25C43A004BA46B /* ListTableViewController.swift */,
				E46003732A28830B005147F0 /* KotowazaViewController.swift */,
				E4C980FD2A25BCE1004BA46B /* ListTableViewCell.swift */,
				E4C980FE2A25BCE1004BA46B /* ListTableViewCell.xib */,
				E46A76E82A19F4A8005E4E0B /* Assets.xcassets */,
				E46A76EA2A19F4A8005E4E0B /* LaunchScreen.storyboard */,
				E441E1EB2A2C665900C0F88D /* icon.png */,
				E46A76ED2A19F4A8005E4E0B /* Info.plist */,
				E489C22B2A24347D002C4737 /* AnimalViewController.swift */,
				E441E1ED2A2C730000C0F88D /* SimilarViewController.swift */,
				E441E1EE2A2C730000C0F88D /* SimilarViewController.xib */,
			);
			path = Kotowaza;
			sourceTree = "<group>";
		};
		E4AEABAD2A1CA9730064F915 /* fonts */ = {
			isa = PBXGroup;
			children = (
				E4AEABB02A1CAA480064F915 /* YujiSyuku-Regular.ttf */,
				E4AEABAE2A1CAA390064F915 /* KiwiMaru-Light.ttf */,
				E4AEABB22A1CB3740064F915 /* KiwiMaru-Medium.ttf */,
			);
			path = fonts;
			sourceTree = "<group>";
		};
/* End PBXGroup section */

/* Begin PBXNativeTarget section */
		E46A76DB2A19F4A6005E4E0B /* Kotowaza */ = {
			isa = PBXNativeTarget;
			buildConfigurationList = E46A76F02A19F4A8005E4E0B /* Build configuration list for PBXNativeTarget "Kotowaza" */;
			buildPhases = (
				E46A76D82A19F4A6005E4E0B /* Sources */,
				E46A76D92A19F4A6005E4E0B /* Frameworks */,
				E46A76DA2A19F4A6005E4E0B /* Resources */,
			);
			buildRules = (
			);
			dependencies = (
			);
			name = Kotowaza;
			productName = Kotowaza;
			productReference = E46A76DC2A19F4A6005E4E0B /* Kotowaza.app */;
			productType = "com.apple.product-type.application";
		};
/* End PBXNativeTarget section */

/* Begin PBXProject section */
		E46A76D42A19F4A6005E4E0B /* Project object */ = {
			isa = PBXProject;
			attributes = {
				BuildIndependentTargetsInParallel = 1;
				LastSwiftUpdateCheck = 1430;
				LastUpgradeCheck = 1430;
				TargetAttributes = {
					E46A76DB2A19F4A6005E4E0B = {
						CreatedOnToolsVersion = 14.3;
					};
				};
			};
			buildConfigurationList = E46A76D72A19F4A6005E4E0B /* Build configuration list for PBXProject "Kotowaza" */;
			compatibilityVersion = "Xcode 14.0";
			developmentRegion = en;
			hasScannedForEncodings = 0;
			knownRegions = (
				en,
				Base,
			);
			mainGroup = E46A76D32A19F4A6005E4E0B;
			productRefGroup = E46A76DD2A19F4A6005E4E0B /* Products */;
			projectDirPath = "";
			projectRoot = "";
			targets = (
				E46A76DB2A19F4A6005E4E0B /* Kotowaza */,
			);
		};
/* End PBXProject section */

/* Begin PBXResourcesBuildPhase section */
		E46A76DA2A19F4A6005E4E0B /* Resources */ = {
			isa = PBXResourcesBuildPhase;
			buildActionMask = 2147483647;
			files = (
				E441E1F02A2C730000C0F88D /* SimilarViewController.xib in Resources */,
				E4AEABB12A1CAA490064F915 /* YujiSyuku-Regular.ttf in Resources */,
				E4C981002A25BCE1004BA46B /* ListTableViewCell.xib in Resources */,
				E4AEABAF2A1CAA390064F915 /* KiwiMaru-Light.ttf in Resources */,
				E4AEABB32A1CB3740064F915 /* KiwiMaru-Medium.ttf in Resources */,
				E441E1EC2A2C665900C0F88D /* icon.png in Resources */,
				E46A76EC2A19F4A8005E4E0B /* LaunchScreen.storyboard in Resources */,
				E46A76E92A19F4A8005E4E0B /* Assets.xcassets in Resources */,
				E46A76E72A19F4A6005E4E0B /* Main.storyboard in Resources */,
			);
			runOnlyForDeploymentPostprocessing = 0;
		};
/* End PBXResourcesBuildPhase section */

/* Begin PBXSourcesBuildPhase section */
		E46A76D82A19F4A6005E4E0B /* Sources */ = {
			isa = PBXSourcesBuildPhase;
			buildActionMask = 2147483647;
			files = (
				E46A76E42A19F4A6005E4E0B /* ViewController.swift in Sources */,
				E46003752A28830B005147F0 /* KotowazaViewController.swift in Sources */,
				E46A76E02A19F4A6005E4E0B /* AppDelegate.swift in Sources */,
				E489C22C2A24347D002C4737 /* AnimalViewController.swift in Sources */,
				E4C980FF2A25BCE1004BA46B /* ListTableViewCell.swift in Sources */,
				E46A76E22A19F4A6005E4E0B /* SceneDelegate.swift in Sources */,
				E441E1EF2A2C730000C0F88D /* SimilarViewController.swift in Sources */,
				E4C981022A25C43A004BA46B /* ListTableViewController.swift in Sources */,
			);
			runOnlyForDeploymentPostprocessing = 0;
		};
/* End PBXSourcesBuildPhase section */

/* Begin PBXVariantGroup section */
		E46A76E52A19F4A6005E4E0B /* Main.storyboard */ = {
			isa = PBXVariantGroup;
			children = (
				E46A76E62A19F4A6005E4E0B /* Base */,
			);
			name = Main.storyboard;
			sourceTree = "<group>";
		};
		E46A76EA2A19F4A8005E4E0B /* LaunchScreen.storyboard */ = {
			isa = PBXVariantGroup;
			children = (
				E46A76EB2A19F4A8005E4E0B /* Base */,
			);
			name = LaunchScreen.storyboard;
			sourceTree = "<group>";
		};
/* End PBXVariantGroup section */

/* Begin XCBuildConfiguration section */
		E46A76EE2A19F4A8005E4E0B /* Debug */ = {
			isa = XCBuildConfiguration;
			buildSettings = {
				ALWAYS_SEARCH_USER_PATHS = NO;
				CLANG_ANALYZER_NONNULL = YES;
				CLANG_ANALYZER_NUMBER_OBJECT_CONVERSION = YES_AGGRESSIVE;
				CLANG_CXX_LANGUAGE_STANDARD = "gnu++20";
				CLANG_ENABLE_MODULES = YES;
				CLANG_ENABLE_OBJC_ARC = YES;
				CLANG_ENABLE_OBJC_WEAK = YES;
				CLANG_WARN_BLOCK_CAPTURE_AUTORELEASING = YES;
				CLANG_WARN_BOOL_CONVERSION = YES;
				CLANG_WARN_COMMA = YES;
				CLANG_WARN_CONSTANT_CONVERSION = YES;
				CLANG_WARN_DEPRECATED_OBJC_IMPLEMENTATIONS = YES;
				CLANG_WARN_DIRECT_OBJC_ISA_USAGE = YES_ERROR;
				CLANG_WARN_DOCUMENTATION_COMMENTS = YES;
				CLANG_WARN_EMPTY_BODY = YES;
				CLANG_WARN_ENUM_CONVERSION = YES;
				CLANG_WARN_INFINITE_RECURSION = YES;
				CLANG_WARN_INT_CONVERSION = YES;
				CLANG_WARN_NON_LITERAL_NULL_CONVERSION = YES;
				CLANG_WARN_OBJC_IMPLICIT_RETAIN_SELF = YES;
				CLANG_WARN_OBJC_LITERAL_CONVERSION = YES;
				CLANG_WARN_OBJC_ROOT_CLASS = YES_ERROR;
				CLANG_WARN_QUOTED_INCLUDE_IN_FRAMEWORK_HEADER = YES;
				CLANG_WARN_RANGE_LOOP_ANALYSIS = YES;
				CLANG_WARN_STRICT_PROTOTYPES = YES;
				CLANG_WARN_SUSPICIOUS_MOVE = YES;
				CLANG_WARN_UNGUARDED_AVAILABILITY = YES_AGGRESSIVE;
				CLANG_WARN_UNREACHABLE_CODE = YES;
				CLANG_WARN__DUPLICATE_METHOD_MATCH = YES;
				COPY_PHASE_STRIP = NO;
				DEBUG_INFORMATION_FORMAT = dwarf;
				ENABLE_STRICT_OBJC_MSGSEND = YES;
				ENABLE_TESTABILITY = YES;
				GCC_C_LANGUAGE_STANDARD = gnu11;
				GCC_DYNAMIC_NO_PIC = NO;
				GCC_NO_COMMON_BLOCKS = YES;
				GCC_OPTIMIZATION_LEVEL = 0;
				GCC_PREPROCESSOR_DEFINITIONS = (
					"DEBUG=1",
					"$(inherited)",
				);
				GCC_WARN_64_TO_32_BIT_CONVERSION = YES;
				GCC_WARN_ABOUT_RETURN_TYPE = YES_ERROR;
				GCC_WARN_UNDECLARED_SELECTOR = YES;
				GCC_WARN_UNINITIALIZED_AUTOS = YES_AGGRESSIVE;
				GCC_WARN_UNUSED_FUNCTION = YES;
				GCC_WARN_UNUSED_VARIABLE = YES;
				IPHONEOS_DEPLOYMENT_TARGET = 16.4;
				MTL_ENABLE_DEBUG_INFO = INCLUDE_SOURCE;
				MTL_FAST_MATH = YES;
				ONLY_ACTIVE_ARCH = YES;
				SDKROOT = iphoneos;
				SWIFT_ACTIVE_COMPILATION_CONDITIONS = DEBUG;
				SWIFT_OPTIMIZATION_LEVEL = "-Onone";
			};
			name = Debug;
		};
		E46A76EF2A19F4A8005E4E0B /* Release */ = {
			isa = XCBuildConfiguration;
			buildSettings = {
				ALWAYS_SEARCH_USER_PATHS = NO;
				CLANG_ANALYZER_NONNULL = YES;
				CLANG_ANALYZER_NUMBER_OBJECT_CONVERSION = YES_AGGRESSIVE;
				CLANG_CXX_LANGUAGE_STANDARD = "gnu++20";
				CLANG_ENABLE_MODULES = YES;
				CLANG_ENABLE_OBJC_ARC = YES;
				CLANG_ENABLE_OBJC_WEAK = YES;
				CLANG_WARN_BLOCK_CAPTURE_AUTORELEASING = YES;
				CLANG_WARN_BOOL_CONVERSION = YES;
				CLANG_WARN_COMMA = YES;
				CLANG_WARN_CONSTANT_CONVERSION = YES;
				CLANG_WARN_DEPRECATED_OBJC_IMPLEMENTATIONS = YES;
				CLANG_WARN_DIRECT_OBJC_ISA_USAGE = YES_ERROR;
				CLANG_WARN_DOCUMENTATION_COMMENTS = YES;
				CLANG_WARN_EMPTY_BODY = YES;
				CLANG_WARN_ENUM_CONVERSION = YES;
				CLANG_WARN_INFINITE_RECURSION = YES;
				CLANG_WARN_INT_CONVERSION = YES;
				CLANG_WARN_NON_LITERAL_NULL_CONVERSION = YES;
				CLANG_WARN_OBJC_IMPLICIT_RETAIN_SELF = YES;
				CLANG_WARN_OBJC_LITERAL_CONVERSION = YES;
				CLANG_WARN_OBJC_ROOT_CLASS = YES_ERROR;
				CLANG_WARN_QUOTED_INCLUDE_IN_FRAMEWORK_HEADER = YES;
				CLANG_WARN_RANGE_LOOP_ANALYSIS = YES;
				CLANG_WARN_STRICT_PROTOTYPES = YES;
				CLANG_WARN_SUSPICIOUS_MOVE = YES;
				CLANG_WARN_UNGUARDED_AVAILABILITY = YES_AGGRESSIVE;
				CLANG_WARN_UNREACHABLE_CODE = YES;
				CLANG_WARN__DUPLICATE_METHOD_MATCH = YES;
				COPY_PHASE_STRIP = NO;
				DEBUG_INFORMATION_FORMAT = "dwarf-with-dsym";
				ENABLE_NS_ASSERTIONS = NO;
				ENABLE_STRICT_OBJC_MSGSEND = YES;
				GCC_C_LANGUAGE_STANDARD = gnu11;
				GCC_NO_COMMON_BLOCKS = YES;
				GCC_WARN_64_TO_32_BIT_CONVERSION = YES;
				GCC_WARN_ABOUT_RETURN_TYPE = YES_ERROR;
				GCC_WARN_UNDECLARED_SELECTOR = YES;
				GCC_WARN_UNINITIALIZED_AUTOS = YES_AGGRESSIVE;
				GCC_WARN_UNUSED_FUNCTION = YES;
				GCC_WARN_UNUSED_VARIABLE = YES;
				IPHONEOS_DEPLOYMENT_TARGET = 16.4;
				MTL_ENABLE_DEBUG_INFO = NO;
				MTL_FAST_MATH = YES;
				SDKROOT = iphoneos;
				SWIFT_COMPILATION_MODE = wholemodule;
				SWIFT_OPTIMIZATION_LEVEL = "-O";
				VALIDATE_PRODUCT = YES;
			};
			name = Release;
		};
		E46A76F12A19F4A8005E4E0B /* Debug */ = {
			isa = XCBuildConfiguration;
			buildSettings = {
				ASSETCATALOG_COMPILER_APPICON_NAME = AppIcon;
				ASSETCATALOG_COMPILER_GLOBAL_ACCENT_COLOR_NAME = AccentColor;
				CODE_SIGN_STYLE = Automatic;
				CURRENT_PROJECT_VERSION = 1;
				GENERATE_INFOPLIST_FILE = YES;
				INFOPLIST_FILE = Kotowaza/Info.plist;
				INFOPLIST_KEY_UIApplicationSupportsIndirectInputEvents = YES;
				INFOPLIST_KEY_UILaunchStoryboardName = LaunchScreen;
				INFOPLIST_KEY_UIMainStoryboardFile = Main;
				INFOPLIST_KEY_UISupportedInterfaceOrientations_iPad = "UIInterfaceOrientationPortrait UIInterfaceOrientationPortraitUpsideDown UIInterfaceOrientationLandscapeLeft UIInterfaceOrientationLandscapeRight";
				INFOPLIST_KEY_UISupportedInterfaceOrientations_iPhone = "UIInterfaceOrientationPortrait UIInterfaceOrientationLandscapeLeft UIInterfaceOrientationLandscapeRight";
				LD_RUNPATH_SEARCH_PATHS = (
					"$(inherited)",
					"@executable_path/Frameworks",
				);
				MARKETING_VERSION = 1.0;
				PRODUCT_BUNDLE_IDENTIFIER = app.suzuki.korissa.Kotowaza;
				PRODUCT_NAME = "$(TARGET_NAME)";
				SWIFT_EMIT_LOC_STRINGS = YES;
				SWIFT_VERSION = 5.0;
				TARGETED_DEVICE_FAMILY = "1,2";
			};
			name = Debug;
		};
		E46A76F22A19F4A8005E4E0B /* Release */ = {
			isa = XCBuildConfiguration;
			buildSettings = {
				ASSETCATALOG_COMPILER_APPICON_NAME = AppIcon;
				ASSETCATALOG_COMPILER_GLOBAL_ACCENT_COLOR_NAME = AccentColor;
				CODE_SIGN_STYLE = Automatic;
				CURRENT_PROJECT_VERSION = 1;
				GENERATE_INFOPLIST_FILE = YES;
				INFOPLIST_FILE = Kotowaza/Info.plist;
				INFOPLIST_KEY_UIApplicationSupportsIndirectInputEvents = YES;
				INFOPLIST_KEY_UILaunchStoryboardName = LaunchScreen;
				INFOPLIST_KEY_UIMainStoryboardFile = Main;
				INFOPLIST_KEY_UISupportedInterfaceOrientations_iPad = "UIInterfaceOrientationPortrait UIInterfaceOrientationPortraitUpsideDown UIInterfaceOrientationLandscapeLeft UIInterfaceOrientationLandscapeRight";
				INFOPLIST_KEY_UISupportedInterfaceOrientations_iPhone = "UIInterfaceOrientationPortrait UIInterfaceOrientationLandscapeLeft UIInterfaceOrientationLandscapeRight";
				LD_RUNPATH_SEARCH_PATHS = (
					"$(inherited)",
					"@executable_path/Frameworks",
				);
				MARKETING_VERSION = 1.0;
				PRODUCT_BUNDLE_IDENTIFIER = app.suzuki.korissa.Kotowaza;
				PRODUCT_NAME = "$(TARGET_NAME)";
				SWIFT_EMIT_LOC_STRINGS = YES;
				SWIFT_VERSION = 5.0;
				TARGETED_DEVICE_FAMILY = "1,2";
			};
			name = Release;
		};
/* End XCBuildConfiguration section */

/* Begin XCConfigurationList section */
		E46A76D72A19F4A6005E4E0B /* Build configuration list for PBXProject "Kotowaza" */ = {
			isa = XCConfigurationList;
			buildConfigurations = (
				E46A76EE2A19F4A8005E4E0B /* Debug */,
				E46A76EF2A19F4A8005E4E0B /* Release */,
			);
			defaultConfigurationIsVisible = 0;
			defaultConfigurationName = Release;
		};
		E46A76F02A19F4A8005E4E0B /* Build configuration list for PBXNativeTarget "Kotowaza" */ = {
			isa = XCConfigurationList;
			buildConfigurations = (
				E46A76F12A19F4A8005E4E0B /* Debug */,
				E46A76F22A19F4A8005E4E0B /* Release */,
			);
			defaultConfigurationIsVisible = 0;
			defaultConfigurationName = Release;
		};
/* End XCConfigurationList section */
	};
	rootObject = E46A76D42A19F4A6005E4E0B /* Project object */;
}
